// !$*UTF8*$!
{
	archiveVersion = 1;
	classes = {
	};
	objectVersion = 50;
	objects = {

/* Begin PBXBuildFile section */
		1923760FA209F490CA7F7042 /* Pods_GUIDE__Texture___HowToMake_TableView.framework in Frameworks */ = {isa = PBXBuildFile; fileRef = 4A3FA9E2F78E034F397404D5 /* Pods_GUIDE__Texture___HowToMake_TableView.framework */; };
		5F0258E223EC428D0078FDA6 /* AppDelegate.swift in Sources */ = {isa = PBXBuildFile; fileRef = 5F0258E123EC428D0078FDA6 /* AppDelegate.swift */; };
		5F0258E423EC428D0078FDA6 /* SceneDelegate.swift in Sources */ = {isa = PBXBuildFile; fileRef = 5F0258E323EC428D0078FDA6 /* SceneDelegate.swift */; };
		5F0258E623EC428D0078FDA6 /* ViewController.swift in Sources */ = {isa = PBXBuildFile; fileRef = 5F0258E523EC428D0078FDA6 /* ViewController.swift */; };
		5F0258EB23EC428E0078FDA6 /* Assets.xcassets in Resources */ = {isa = PBXBuildFile; fileRef = 5F0258EA23EC428E0078FDA6 /* Assets.xcassets */; };
		5F0258EE23EC428E0078FDA6 /* LaunchScreen.storyboard in Resources */ = {isa = PBXBuildFile; fileRef = 5F0258EC23EC428E0078FDA6 /* LaunchScreen.storyboard */; };
		5F0258F723EC42CC0078FDA6 /* Items.swift in Sources */ = {isa = PBXBuildFile; fileRef = 5F0258F623EC42CC0078FDA6 /* Items.swift */; };
		5F0258FA23EC42F40078FDA6 /* CustomCellNode.swift in Sources */ = {isa = PBXBuildFile; fileRef = 5F0258F923EC42F40078FDA6 /* CustomCellNode.swift */; };
/* End PBXBuildFile section */

/* Begin PBXFileReference section */
		4A3FA9E2F78E034F397404D5 /* Pods_GUIDE__Texture___HowToMake_TableView.framework */ = {isa = PBXFileReference; explicitFileType = wrapper.framework; includeInIndex = 0; path = Pods_GUIDE__Texture___HowToMake_TableView.framework; sourceTree = BUILT_PRODUCTS_DIR; };
		5F0258DE23EC428D0078FDA6 /* GUIDE. Texture - HowToMake TableView.app */ = {isa = PBXFileReference; explicitFileType = wrapper.application; includeInIndex = 0; path = "GUIDE. Texture - HowToMake TableView.app"; sourceTree = BUILT_PRODUCTS_DIR; };
		5F0258E123EC428D0078FDA6 /* AppDelegate.swift */ = {isa = PBXFileReference; lastKnownFileType = sourcecode.swift; path = AppDelegate.swift; sourceTree = "<group>"; };
		5F0258E323EC428D0078FDA6 /* SceneDelegate.swift */ = {isa = PBXFileReference; lastKnownFileType = sourcecode.swift; path = SceneDelegate.swift; sourceTree = "<group>"; };
		5F0258E523EC428D0078FDA6 /* ViewController.swift */ = {isa = PBXFileReference; lastKnownFileType = sourcecode.swift; path = ViewController.swift; sourceTree = "<group>"; };
		5F0258EA23EC428E0078FDA6 /* Assets.xcassets */ = {isa = PBXFileReference; lastKnownFileType = folder.assetcatalog; path = Assets.xcassets; sourceTree = "<group>"; };
		5F0258ED23EC428E0078FDA6 /* Base */ = {isa = PBXFileReference; lastKnownFileType = file.storyboard; name = Base; path = Base.lproj/LaunchScreen.storyboard; sourceTree = "<group>"; };
		5F0258EF23EC428E0078FDA6 /* Info.plist */ = {isa = PBXFileReference; lastKnownFileType = text.plist.xml; path = Info.plist; sourceTree = "<group>"; };
		5F0258F623EC42CC0078FDA6 /* Items.swift */ = {isa = PBXFileReference; lastKnownFileType = sourcecode.swift; path = Items.swift; sourceTree = "<group>"; };
		5F0258F923EC42F40078FDA6 /* CustomCellNode.swift */ = {isa = PBXFileReference; lastKnownFileType = sourcecode.swift; path = CustomCellNode.swift; sourceTree = "<group>"; };
		69DB181C8F1A24B8E44819AF /* Pods-GUIDE. Texture - HowToMake TableView.debug.xcconfig */ = {isa = PBXFileReference; includeInIndex = 1; lastKnownFileType = text.xcconfig; name = "Pods-GUIDE. Texture - HowToMake TableView.debug.xcconfig"; path = "Target Support Files/Pods-GUIDE. Texture - HowToMake TableView/Pods-GUIDE. Texture - HowToMake TableView.debug.xcconfig"; sourceTree = "<group>"; };
		CBC9432BC3B9F0265663D4A1 /* Pods-GUIDE. Texture - HowToMake TableView.release.xcconfig */ = {isa = PBXFileReference; includeInIndex = 1; lastKnownFileType = text.xcconfig; name = "Pods-GUIDE. Texture - HowToMake TableView.release.xcconfig"; path = "Target Support Files/Pods-GUIDE. Texture - HowToMake TableView/Pods-GUIDE. Texture - HowToMake TableView.release.xcconfig"; sourceTree = "<group>"; };
/* End PBXFileReference section */

/* Begin PBXFrameworksBuildPhase section */
		5F0258DB23EC428D0078FDA6 /* Frameworks */ = {
			isa = PBXFrameworksBuildPhase;
			buildActionMask = 2147483647;
			files = (
				1923760FA209F490CA7F7042 /* Pods_GUIDE__Texture___HowToMake_TableView.framework in Frameworks */,
			);
			runOnlyForDeploymentPostprocessing = 0;
		};
/* End PBXFrameworksBuildPhase section */

/* Begin PBXGroup section */
		31A1E7D4B481BED3029F3432 /* Pods */ = {
			isa = PBXGroup;
			children = (
				69DB181C8F1A24B8E44819AF /* Pods-GUIDE. Texture - HowToMake TableView.debug.xcconfig */,
				CBC9432BC3B9F0265663D4A1 /* Pods-GUIDE. Texture - HowToMake TableView.release.xcconfig */,
			);
			name = Pods;
			path = Pods;
			sourceTree = "<group>";
		};
		5429A71AA94399A0B17D993D /* Frameworks */ = {
			isa = PBXGroup;
			children = (
				4A3FA9E2F78E034F397404D5 /* Pods_GUIDE__Texture___HowToMake_TableView.framework */,
			);
			name = Frameworks;
			sourceTree = "<group>";
		};
		5F0258D523EC428D0078FDA6 = {
			isa = PBXGroup;
			children = (
				5F0258E023EC428D0078FDA6 /* GUIDE. Texture - HowToMake TableView */,
				5F0258DF23EC428D0078FDA6 /* Products */,
				31A1E7D4B481BED3029F3432 /* Pods */,
				5429A71AA94399A0B17D993D /* Frameworks */,
			);
			sourceTree = "<group>";
		};
		5F0258DF23EC428D0078FDA6 /* Products */ = {
			isa = PBXGroup;
			children = (
				5F0258DE23EC428D0078FDA6 /* GUIDE. Texture - HowToMake TableView.app */,
			);
			name = Products;
			sourceTree = "<group>";
		};
		5F0258E023EC428D0078FDA6 /* GUIDE. Texture - HowToMake TableView */ = {
			isa = PBXGroup;
			children = (
				5F0258E123EC428D0078FDA6 /* AppDelegate.swift */,
				5F0258E323EC428D0078FDA6 /* SceneDelegate.swift */,
				5F0258F523EC42C40078FDA6 /* Model */,
				5F0258F823EC42E10078FDA6 /* ViewController */,
				5F0258FB23EC42F70078FDA6 /* CellNode */,
				5F0258EA23EC428E0078FDA6 /* Assets.xcassets */,
				5F0258EC23EC428E0078FDA6 /* LaunchScreen.storyboard */,
				5F0258EF23EC428E0078FDA6 /* Info.plist */,
			);
			path = "GUIDE. Texture - HowToMake TableView";
			sourceTree = "<group>";
		};
		5F0258F523EC42C40078FDA6 /* Model */ = {
			isa = PBXGroup;
			children = (
				5F0258F623EC42CC0078FDA6 /* Items.swift */,
			);
			path = Model;
			sourceTree = "<group>";
		};
		5F0258F823EC42E10078FDA6 /* ViewController */ = {
			isa = PBXGroup;
			children = (
				5F0258E523EC428D0078FDA6 /* ViewController.swift */,
			);
			path = ViewController;
			sourceTree = "<group>";
		};
		5F0258FB23EC42F70078FDA6 /* CellNode */ = {
			isa = PBXGroup;
			children = (
				5F0258F923EC42F40078FDA6 /* CustomCellNode.swift */,
			);
			path = CellNode;
			sourceTree = "<group>";
		};
/* End PBXGroup section */

/* Begin PBXNativeTarget section */
		5F0258DD23EC428D0078FDA6 /* GUIDE. Texture - HowToMake TableView */ = {
			isa = PBXNativeTarget;
			buildConfigurationList = 5F0258F223EC428E0078FDA6 /* Build configuration list for PBXNativeTarget "GUIDE. Texture - HowToMake TableView" */;
			buildPhases = (
				9F781423E8837FF634E0914B /* [CP] Check Pods Manifest.lock */,
				5F0258DA23EC428D0078FDA6 /* Sources */,
				5F0258DB23EC428D0078FDA6 /* Frameworks */,
				5F0258DC23EC428D0078FDA6 /* Resources */,
				BCBFAAFC74D8BEE13A9AF354 /* [CP] Embed Pods Frameworks */,
			);
			buildRules = (
			);
			dependencies = (
			);
			name = "GUIDE. Texture - HowToMake TableView";
			productName = "GUIDE. Texture - HowToMake TableView";
			productReference = 5F0258DE23EC428D0078FDA6 /* GUIDE. Texture - HowToMake TableView.app */;
			productType = "com.apple.product-type.application";
		};
/* End PBXNativeTarget section */

/* Begin PBXProject section */
		5F0258D623EC428D0078FDA6 /* Project object */ = {
			isa = PBXProject;
			attributes = {
				LastSwiftUpdateCheck = 1100;
				LastUpgradeCheck = 1100;
				ORGANIZATIONNAME = "Vladislav Mityuklyaev";
				TargetAttributes = {
					5F0258DD23EC428D0078FDA6 = {
						CreatedOnToolsVersion = 11.0;
					};
				};
			};
			buildConfigurationList = 5F0258D923EC428D0078FDA6 /* Build configuration list for PBXProject "GUIDE. Texture - HowToMake TableView" */;
			compatibilityVersion = "Xcode 9.3";
			developmentRegion = en;
			hasScannedForEncodings = 0;
			knownRegions = (
				en,
				Base,
			);
			mainGroup = 5F0258D523EC428D0078FDA6;
			productRefGroup = 5F0258DF23EC428D0078FDA6 /* Products */;
			projectDirPath = "";
			projectRoot = "";
			targets = (
				5F0258DD23EC428D0078FDA6 /* GUIDE. Texture - HowToMake TableView */,
			);
		};
/* End PBXProject section */

/* Begin PBXResourcesBuildPhase section */
		5F0258DC23EC428D0078FDA6 /* Resources */ = {
			isa = PBXResourcesBuildPhase;
			buildActionMask = 2147483647;
			files = (
				5F0258EE23EC428E0078FDA6 /* LaunchScreen.storyboard in Resources */,
				5F0258EB23EC428E0078FDA6 /* Assets.xcassets in Resources */,
			);
			runOnlyForDeploymentPostprocessing = 0;
		};
/* End PBXResourcesBuildPhase section */

/* Begin PBXShellScriptBuildPhase section */
		9F781423E8837FF634E0914B /* [CP] Check Pods Manifest.lock */ = {
			isa = PBXShellScriptBuildPhase;
			buildActionMask = 2147483647;
			files = (
			);
			inputFileListPaths = (
			);
			inputPaths = (
				"${PODS_PODFILE_DIR_PATH}/Podfile.lock",
				"${PODS_ROOT}/Manifest.lock",
			);
			name = "[CP] Check Pods Manifest.lock";
			outputFileListPaths = (
			);
			outputPaths = (
				"$(DERIVED_FILE_DIR)/Pods-GUIDE. Texture - HowToMake TableView-checkManifestLockResult.txt",
			);
			runOnlyForDeploymentPostprocessing = 0;
			shellPath = /bin/sh;
			shellScript = "diff \"${PODS_PODFILE_DIR_PATH}/Podfile.lock\" \"${PODS_ROOT}/Manifest.lock\" > /dev/null\nif [ $? != 0 ] ; then\n    # print error to STDERR\n    echo \"error: The sandbox is not in sync with the Podfile.lock. Run 'pod install' or update your CocoaPods installation.\" >&2\n    exit 1\nfi\n# This output is used by Xcode 'outputs' to avoid re-running this script phase.\necho \"SUCCESS\" > \"${SCRIPT_OUTPUT_FILE_0}\"\n";
			showEnvVarsInLog = 0;
		};
		BCBFAAFC74D8BEE13A9AF354 /* [CP] Embed Pods Frameworks */ = {
			isa = PBXShellScriptBuildPhase;
			buildActionMask = 2147483647;
			files = (
			);
			inputFileListPaths = (
				"${PODS_ROOT}/Target Support Files/Pods-GUIDE. Texture - HowToMake TableView/Pods-GUIDE. Texture - HowToMake TableView-frameworks-${CONFIGURATION}-input-files.xcfilelist",
			);
			name = "[CP] Embed Pods Frameworks";
			outputFileListPaths = (
				"${PODS_ROOT}/Target Support Files/Pods-GUIDE. Texture - HowToMake TableView/Pods-GUIDE. Texture - HowToMake TableView-frameworks-${CONFIGURATION}-output-files.xcfilelist",
			);
			runOnlyForDeploymentPostprocessing = 0;
			shellPath = /bin/sh;
			shellScript = "\"${PODS_ROOT}/Target Support Files/Pods-GUIDE. Texture - HowToMake TableView/Pods-GUIDE. Texture - HowToMake TableView-frameworks.sh\"\n";
			showEnvVarsInLog = 0;
		};
/* End PBXShellScriptBuildPhase section */

/* Begin PBXSourcesBuildPhase section */
		5F0258DA23EC428D0078FDA6 /* Sources */ = {
			isa = PBXSourcesBuildPhase;
			buildActionMask = 2147483647;
			files = (
				5F0258F723EC42CC0078FDA6 /* Items.swift in Sources */,
				5F0258E623EC428D0078FDA6 /* ViewController.swift in Sources */,
				5F0258FA23EC42F40078FDA6 /* CustomCellNode.swift in Sources */,
				5F0258E223EC428D0078FDA6 /* AppDelegate.swift in Sources */,
				5F0258E423EC428D0078FDA6 /* SceneDelegate.swift in Sources */,
			);
			runOnlyForDeploymentPostprocessing = 0;
		};
/* End PBXSourcesBuildPhase section */

/* Begin PBXVariantGroup section */
		5F0258EC23EC428E0078FDA6 /* LaunchScreen.storyboard */ = {
			isa = PBXVariantGroup;
			children = (
				5F0258ED23EC428E0078FDA6 /* Base */,
			);
			name = LaunchScreen.storyboard;
			sourceTree = "<group>";
		};
/* End PBXVariantGroup section */

/* Begin XCBuildConfiguration section */
		5F0258F023EC428E0078FDA6 /* Debug */ = {
			isa = XCBuildConfiguration;
			buildSettings = {
				ALWAYS_SEARCH_USER_PATHS = NO;
				CLANG_ANALYZER_NONNULL = YES;
				CLANG_ANALYZER_NUMBER_OBJECT_CONVERSION = YES_AGGRESSIVE;
				CLANG_CXX_LANGUAGE_STANDARD = "gnu++14";
				CLANG_CXX_LIBRARY = "libc++";
				CLANG_ENABLE_MODULES = YES;
				CLANG_ENABLE_OBJC_ARC = YES;
				CLANG_ENABLE_OBJC_WEAK = YES;
				CLANG_WARN_BLOCK_CAPTURE_AUTORELEASING = YES;
				CLANG_WARN_BOOL_CONVERSION = YES;
				CLANG_WARN_COMMA = YES;
				CLANG_WARN_CONSTANT_CONVERSION = YES;
				CLANG_WARN_DEPRECATED_OBJC_IMPLEMENTATIONS = YES;
				CLANG_WARN_DIRECT_OBJC_ISA_USAGE = YES_ERROR;
				CLANG_WARN_DOCUMENTATION_COMMENTS = YES;
				CLANG_WARN_EMPTY_BODY = YES;
				CLANG_WARN_ENUM_CONVERSION = YES;
				CLANG_WARN_INFINITE_RECURSION = YES;
				CLANG_WARN_INT_CONVERSION = YES;
				CLANG_WARN_NON_LITERAL_NULL_CONVERSION = YES;
				CLANG_WARN_OBJC_IMPLICIT_RETAIN_SELF = YES;
				CLANG_WARN_OBJC_LITERAL_CONVERSION = YES;
				CLANG_WARN_OBJC_ROOT_CLASS = YES_ERROR;
				CLANG_WARN_RANGE_LOOP_ANALYSIS = YES;
				CLANG_WARN_STRICT_PROTOTYPES = YES;
				CLANG_WARN_SUSPICIOUS_MOVE = YES;
				CLANG_WARN_UNGUARDED_AVAILABILITY = YES_AGGRESSIVE;
				CLANG_WARN_UNREACHABLE_CODE = YES;
				CLANG_WARN__DUPLICATE_METHOD_MATCH = YES;
				COPY_PHASE_STRIP = NO;
				DEBUG_INFORMATION_FORMAT = dwarf;
				ENABLE_STRICT_OBJC_MSGSEND = YES;
				ENABLE_TESTABILITY = YES;
				GCC_C_LANGUAGE_STANDARD = gnu11;
				GCC_DYNAMIC_NO_PIC = NO;
				GCC_NO_COMMON_BLOCKS = YES;
				GCC_OPTIMIZATION_LEVEL = 0;
				GCC_PREPROCESSOR_DEFINITIONS = (
					"DEBUG=1",
					"$(inherited)",
				);
				GCC_WARN_64_TO_32_BIT_CONVERSION = YES;
				GCC_WARN_ABOUT_RETURN_TYPE = YES_ERROR;
				GCC_WARN_UNDECLARED_SELECTOR = YES;
				GCC_WARN_UNINITIALIZED_AUTOS = YES_AGGRESSIVE;
				GCC_WARN_UNUSED_FUNCTION = YES;
				GCC_WARN_UNUSED_VARIABLE = YES;
				IPHONEOS_DEPLOYMENT_TARGET = 13.0;
				MTL_ENABLE_DEBUG_INFO = INCLUDE_SOURCE;
				MTL_FAST_MATH = YES;
				ONLY_ACTIVE_ARCH = YES;
				SDKROOT = iphoneos;
				SWIFT_ACTIVE_COMPILATION_CONDITIONS = DEBUG;
				SWIFT_OPTIMIZATION_LEVEL = "-Onone";
			};
			name = Debug;
		};
		5F0258F123EC428E0078FDA6 /* Release */ = {
			isa = XCBuildConfiguration;
			buildSettings = {
				ALWAYS_SEARCH_USER_PATHS = NO;
				CLANG_ANALYZER_NONNULL = YES;
				CLANG_ANALYZER_NUMBER_OBJECT_CONVERSION = YES_AGGRESSIVE;
				CLANG_CXX_LANGUAGE_STANDARD = "gnu++14";
				CLANG_CXX_LIBRARY = "libc++";
				CLANG_ENABLE_MODULES = YES;
				CLANG_ENABLE_OBJC_ARC = YES;
				CLANG_ENABLE_OBJC_WEAK = YES;
				CLANG_WARN_BLOCK_CAPTURE_AUTORELEASING = YES;
				CLANG_WARN_BOOL_CONVERSION = YES;
				CLANG_WARN_COMMA = YES;
				CLANG_WARN_CONSTANT_CONVERSION = YES;
				CLANG_WARN_DEPRECATED_OBJC_IMPLEMENTATIONS = YES;
				CLANG_WARN_DIRECT_OBJC_ISA_USAGE = YES_ERROR;
				CLANG_WARN_DOCUMENTATION_COMMENTS = YES;
				CLANG_WARN_EMPTY_BODY = YES;
				CLANG_WARN_ENUM_CONVERSION = YES;
				CLANG_WARN_INFINITE_RECURSION = YES;
				CLANG_WARN_INT_CONVERSION = YES;
				CLANG_WARN_NON_LITERAL_NULL_CONVERSION = YES;
				CLANG_WARN_OBJC_IMPLICIT_RETAIN_SELF = YES;
				CLANG_WARN_OBJC_LITERAL_CONVERSION = YES;
				CLANG_WARN_OBJC_ROOT_CLASS = YES_ERROR;
				CLANG_WARN_RANGE_LOOP_ANALYSIS = YES;
				CLANG_WARN_STRICT_PROTOTYPES = YES;
				CLANG_WARN_SUSPICIOUS_MOVE = YES;
				CLANG_WARN_UNGUARDED_AVAILABILITY = YES_AGGRESSIVE;
				CLANG_WARN_UNREACHABLE_CODE = YES;
				CLANG_WARN__DUPLICATE_METHOD_MATCH = YES;
				COPY_PHASE_STRIP = NO;
				DEBUG_INFORMATION_FORMAT = "dwarf-with-dsym";
				ENABLE_NS_ASSERTIONS = NO;
				ENABLE_STRICT_OBJC_MSGSEND = YES;
				GCC_C_LANGUAGE_STANDARD = gnu11;
				GCC_NO_COMMON_BLOCKS = YES;
				GCC_WARN_64_TO_32_BIT_CONVERSION = YES;
				GCC_WARN_ABOUT_RETURN_TYPE = YES_ERROR;
				GCC_WARN_UNDECLARED_SELECTOR = YES;
				GCC_WARN_UNINITIALIZED_AUTOS = YES_AGGRESSIVE;
				GCC_WARN_UNUSED_FUNCTION = YES;
				GCC_WARN_UNUSED_VARIABLE = YES;
				IPHONEOS_DEPLOYMENT_TARGET = 13.0;
				MTL_ENABLE_DEBUG_INFO = NO;
				MTL_FAST_MATH = YES;
				SDKROOT = iphoneos;
				SWIFT_COMPILATION_MODE = wholemodule;
				SWIFT_OPTIMIZATION_LEVEL = "-O";
				VALIDATE_PRODUCT = YES;
			};
			name = Release;
		};
		5F0258F323EC428E0078FDA6 /* Debug */ = {
			isa = XCBuildConfiguration;
			baseConfigurationReference = 69DB181C8F1A24B8E44819AF /* Pods-GUIDE. Texture - HowToMake TableView.debug.xcconfig */;
			buildSettings = {
				ASSETCATALOG_COMPILER_APPICON_NAME = AppIcon;
				CODE_SIGN_STYLE = Automatic;
				DEVELOPMENT_TEAM = 97GS2D95GR;
				INFOPLIST_FILE = "GUIDE. Texture - HowToMake TableView/Info.plist";
				LD_RUNPATH_SEARCH_PATHS = (
					"$(inherited)",
					"@executable_path/Frameworks",
				);
				PRODUCT_BUNDLE_IDENTIFIER = "VMIT.GUIDE--Texture---HowToMake-TableView";
				PRODUCT_NAME = "$(TARGET_NAME)";
				SWIFT_VERSION = 5.0;
				TARGETED_DEVICE_FAMILY = "1,2";
			};
			name = Debug;
		};
		5F0258F423EC428E0078FDA6 /* Release */ = {
			isa = XCBuildConfiguration;
			baseConfigurationReference = CBC9432BC3B9F0265663D4A1 /* Pods-GUIDE. Texture - HowToMake TableView.release.xcconfig */;
			buildSettings = {
				ASSETCATALOG_COMPILER_APPICON_NAME = AppIcon;
				CODE_SIGN_STYLE = Automatic;
				DEVELOPMENT_TEAM = 97GS2D95GR;
				INFOPLIST_FILE = "GUIDE. Texture - HowToMake TableView/Info.plist";
				LD_RUNPATH_SEARCH_PATHS = (
					"$(inherited)",
					"@executable_path/Frameworks",
				);
				PRODUCT_BUNDLE_IDENTIFIER = "VMIT.GUIDE--Texture---HowToMake-TableView";
				PRODUCT_NAME = "$(TARGET_NAME)";
				SWIFT_VERSION = 5.0;
				TARGETED_DEVICE_FAMILY = "1,2";
			};
			name = Release;
		};
/* End XCBuildConfiguration section */

/* Begin XCConfigurationList section */
		5F0258D923EC428D0078FDA6 /* Build configuration list for PBXProject "GUIDE. Texture - HowToMake TableView" */ = {
			isa = XCConfigurationList;
			buildConfigurations = (
				5F0258F023EC428E0078FDA6 /* Debug */,
				5F0258F123EC428E0078FDA6 /* Release */,
			);
			defaultConfigurationIsVisible = 0;
			defaultConfigurationName = Release;
		};
		5F0258F223EC428E0078FDA6 /* Build configuration list for PBXNativeTarget "GUIDE. Texture - HowToMake TableView" */ = {
			isa = XCConfigurationList;
			buildConfigurations = (
				5F0258F323EC428E0078FDA6 /* Debug */,
				5F0258F423EC428E0078FDA6 /* Release */,
			);
			defaultConfigurationIsVisible = 0;
			defaultConfigurationName = Release;
		};
/* End XCConfigurationList section */
	};
	rootObject = 5F0258D623EC428D0078FDA6 /* Project object */;
}
